
Microsoft Visual Studio Solution File, Format Version 12.00
# Visual Studio Version 17
VisualStudioVersion = 17.10.34928.147
MinimumVisualStudioVersion = 10.0.40219.1
Project("{FAE04EC0-301F-11D3-BF4B-00C04F79EFBC}") = "WpfApp1", "WpfApp1\WpfApp1.csproj", "{BDB9D9F0-A9EE-4040-9318-A4D120E09D39}"
EndProject
Global
	GlobalSection(SolutionConfigurationPlatforms) = preSolution
		Debug|Any CPU = Debug|Any CPU
		Release|Any CPU = Release|Any CPU
	EndGlobalSection
	GlobalSection(ProjectConfigurationPlatforms) = postSolution
		{BDB9D9F0-A9EE-4040-9318-A4D120E09D39}.Debug|Any CPU.ActiveCfg = Debug|Any CPU
		{BDB9D9F0-A9EE-4040-9318-A4D120E09D39}.Debug|Any CPU.Build.0 = Debug|Any CPU
		{BDB9D9F0-A9EE-4040-9318-A4D120E09D39}.Release|Any CPU.ActiveCfg = Release|Any CPU
		{BDB9D9F0-A9EE-4040-9318-A4D120E09D39}.Release|Any CPU.Build.0 = Release|Any CPU
	EndGlobalSection
	GlobalSection(SolutionProperties) = preSolution
		HideSolutionNode = FALSE
	EndGlobalSection
	GlobalSection(ExtensibilityGlobals) = postSolution
		SolutionGuid = {5C15BC81-767D-47BF-AD7E-28DE3A4D0E61}
	EndGlobalSection
EndGlobal
